
Microsoft Visual Studio Solution File, Format Version 12.00
# Visual Studio Version 17
VisualStudioVersion = 17.12.35527.113
MinimumVisualStudioVersion = 10.0.40219.1
Project("{2150E333-8FDC-42A3-9474-1A3956D46DE8}") = "src", "src", "{15264EDB-C26B-471E-9E42-10F88F19DF7C}"
EndProject
Project("{2150E333-8FDC-42A3-9474-1A3956D46DE8}") = "test", "test", "{52928868-3F23-4076-ACE3-76F158949E2E}"
EndProject
Project("{FAE04EC0-301F-11D3-BF4B-00C04F79EFBC}") = "ToDo.Core", "Core\ToDo.Core.csproj", "{8018654F-541B-4DBB-99D9-97D65AC71B55}"
EndProject
Project("{FAE04EC0-301F-11D3-BF4B-00C04F79EFBC}") = "ToDo.UnitTest", "ToDo.UnitTest\ToDo.UnitTest.csproj", "{EB63F6F1-BD01-4632-8101-BD4BC6F4AC43}"
EndProject
Project("{FAE04EC0-301F-11D3-BF4B-00C04F79EFBC}") = "ToDo.UseCases", "ToDo.UseCases\ToDo.UseCases.csproj", "{4D0B2870-7BB2-45A9-AAC5-9BB247E95C96}"
EndProject
Project("{FAE04EC0-301F-11D3-BF4B-00C04F79EFBC}") = "ToDo.Kernel", "ToDo.Kernel\ToDo.Kernel.csproj", "{6126E54F-5525-4E36-BF92-1FCEF3077FEC}"
EndProject
Project("{2150E333-8FDC-42A3-9474-1A3956D46DE8}") = "Domain", "Domain", "{9C18D4E4-4BB1-429D-8ECA-66AE7FE8DE28}"
EndProject
Project("{2150E333-8FDC-42A3-9474-1A3956D46DE8}") = "Infrastructure", "Infrastructure", "{2C4C5027-FE75-4590-ABD7-B78BF55948C7}"
EndProject
Project("{FAE04EC0-301F-11D3-BF4B-00C04F79EFBC}") = "ToDo.SQLServer.Repository", "ToDo.SQLServer.Repository\ToDo.SQLServer.Repository.csproj", "{2D410694-5250-4F90-9FD5-4E9117D13782}"
EndProject
Global
	GlobalSection(SolutionConfigurationPlatforms) = preSolution
		Debug|Any CPU = Debug|Any CPU
		Debug|x64 = Debug|x64
		Release|Any CPU = Release|Any CPU
		Release|x64 = Release|x64
	EndGlobalSection
	GlobalSection(ProjectConfigurationPlatforms) = postSolution
		{8018654F-541B-4DBB-99D9-97D65AC71B55}.Debug|Any CPU.ActiveCfg = Debug|Any CPU
		{8018654F-541B-4DBB-99D9-97D65AC71B55}.Debug|Any CPU.Build.0 = Debug|Any CPU
		{8018654F-541B-4DBB-99D9-97D65AC71B55}.Debug|x64.ActiveCfg = Debug|x64
		{8018654F-541B-4DBB-99D9-97D65AC71B55}.Debug|x64.Build.0 = Debug|x64
		{8018654F-541B-4DBB-99D9-97D65AC71B55}.Release|Any CPU.ActiveCfg = Release|Any CPU
		{8018654F-541B-4DBB-99D9-97D65AC71B55}.Release|Any CPU.Build.0 = Release|Any CPU
		{8018654F-541B-4DBB-99D9-97D65AC71B55}.Release|x64.ActiveCfg = Release|x64
		{8018654F-541B-4DBB-99D9-97D65AC71B55}.Release|x64.Build.0 = Release|x64
		{EB63F6F1-BD01-4632-8101-BD4BC6F4AC43}.Debug|Any CPU.ActiveCfg = Debug|Any CPU
		{EB63F6F1-BD01-4632-8101-BD4BC6F4AC43}.Debug|Any CPU.Build.0 = Debug|Any CPU
		{EB63F6F1-BD01-4632-8101-BD4BC6F4AC43}.Debug|x64.ActiveCfg = Debug|x64
		{EB63F6F1-BD01-4632-8101-BD4BC6F4AC43}.Debug|x64.Build.0 = Debug|x64
		{EB63F6F1-BD01-4632-8101-BD4BC6F4AC43}.Release|Any CPU.ActiveCfg = Release|Any CPU
		{EB63F6F1-BD01-4632-8101-BD4BC6F4AC43}.Release|Any CPU.Build.0 = Release|Any CPU
		{EB63F6F1-BD01-4632-8101-BD4BC6F4AC43}.Release|x64.ActiveCfg = Release|x64
		{EB63F6F1-BD01-4632-8101-BD4BC6F4AC43}.Release|x64.Build.0 = Release|x64
		{4D0B2870-7BB2-45A9-AAC5-9BB247E95C96}.Debug|Any CPU.ActiveCfg = Debug|Any CPU
		{4D0B2870-7BB2-45A9-AAC5-9BB247E95C96}.Debug|Any CPU.Build.0 = Debug|Any CPU
		{4D0B2870-7BB2-45A9-AAC5-9BB247E95C96}.Debug|x64.ActiveCfg = Debug|x64
		{4D0B2870-7BB2-45A9-AAC5-9BB247E95C96}.Debug|x64.Build.0 = Debug|x64
		{4D0B2870-7BB2-45A9-AAC5-9BB247E95C96}.Release|Any CPU.ActiveCfg = Release|Any CPU
		{4D0B2870-7BB2-45A9-AAC5-9BB247E95C96}.Release|Any CPU.Build.0 = Release|Any CPU
		{4D0B2870-7BB2-45A9-AAC5-9BB247E95C96}.Release|x64.ActiveCfg = Release|x64
		{4D0B2870-7BB2-45A9-AAC5-9BB247E95C96}.Release|x64.Build.0 = Release|x64
		{6126E54F-5525-4E36-BF92-1FCEF3077FEC}.Debug|Any CPU.ActiveCfg = Debug|Any CPU
		{6126E54F-5525-4E36-BF92-1FCEF3077FEC}.Debug|Any CPU.Build.0 = Debug|Any CPU
		{6126E54F-5525-4E36-BF92-1FCEF3077FEC}.Debug|x64.ActiveCfg = Debug|x64
		{6126E54F-5525-4E36-BF92-1FCEF3077FEC}.Debug|x64.Build.0 = Debug|x64
		{6126E54F-5525-4E36-BF92-1FCEF3077FEC}.Release|Any CPU.ActiveCfg = Release|Any CPU
		{6126E54F-5525-4E36-BF92-1FCEF3077FEC}.Release|Any CPU.Build.0 = Release|Any CPU
		{6126E54F-5525-4E36-BF92-1FCEF3077FEC}.Release|x64.ActiveCfg = Release|x64
		{6126E54F-5525-4E36-BF92-1FCEF3077FEC}.Release|x64.Build.0 = Release|x64
		{2D410694-5250-4F90-9FD5-4E9117D13782}.Debug|Any CPU.ActiveCfg = Debug|Any CPU
		{2D410694-5250-4F90-9FD5-4E9117D13782}.Debug|Any CPU.Build.0 = Debug|Any CPU
		{2D410694-5250-4F90-9FD5-4E9117D13782}.Debug|x64.ActiveCfg = Debug|x64
		{2D410694-5250-4F90-9FD5-4E9117D13782}.Debug|x64.Build.0 = Debug|x64
		{2D410694-5250-4F90-9FD5-4E9117D13782}.Release|Any CPU.ActiveCfg = Release|Any CPU
		{2D410694-5250-4F90-9FD5-4E9117D13782}.Release|Any CPU.Build.0 = Release|Any CPU
		{2D410694-5250-4F90-9FD5-4E9117D13782}.Release|x64.ActiveCfg = Release|x64
		{2D410694-5250-4F90-9FD5-4E9117D13782}.Release|x64.Build.0 = Release|x64
	EndGlobalSection
	GlobalSection(SolutionProperties) = preSolution
		HideSolutionNode = FALSE
	EndGlobalSection
	GlobalSection(NestedProjects) = preSolution
		{8018654F-541B-4DBB-99D9-97D65AC71B55} = {9C18D4E4-4BB1-429D-8ECA-66AE7FE8DE28}
		{EB63F6F1-BD01-4632-8101-BD4BC6F4AC43} = {52928868-3F23-4076-ACE3-76F158949E2E}
		{4D0B2870-7BB2-45A9-AAC5-9BB247E95C96} = {9C18D4E4-4BB1-429D-8ECA-66AE7FE8DE28}
		{6126E54F-5525-4E36-BF92-1FCEF3077FEC} = {9C18D4E4-4BB1-429D-8ECA-66AE7FE8DE28}
		{9C18D4E4-4BB1-429D-8ECA-66AE7FE8DE28} = {15264EDB-C26B-471E-9E42-10F88F19DF7C}
		{2C4C5027-FE75-4590-ABD7-B78BF55948C7} = {15264EDB-C26B-471E-9E42-10F88F19DF7C}
		{2D410694-5250-4F90-9FD5-4E9117D13782} = {2C4C5027-FE75-4590-ABD7-B78BF55948C7}
	EndGlobalSection
EndGlobal
